# This file was autogenerated by uv via the following command:
#    uv pip compile analytics/pyproject.toml --python-version 3.12 --universal --output-file analytics/requirements.lock
networkx==3.7
    # via money-graph (analytics/pyproject.toml)
numpy==2.5.3
    # via pandas
pandas==3.0.6
    # via money-graph (analytics/pyproject.toml)
pyarrow==25.0.1
    # via money-graph (analytics/pyproject.toml)
python-dateutil==2.9.0.post0
    # via pandas
six==1.17.0
    # via python-dateutil
tzdata==2026.4 ; sys_platform == 'emscripten' or sys_platform == 'win32'
    # via pandas
